
Microsoft Visual Studio Solution File, Format Version 12.00
# Visual Studio Version 16
VisualStudioVersion = 16.0.31129.286
MinimumVisualStudioVersion = 10.0.40219.1
Project("{9A19103F-16F7-4668-BE54-9A1E7A4F7556}") = "ServerTcp", "ServerTcp\ServerTcp.csproj", "{217CB893-34D7-4217-AE4C-49BA8143BE1C}"
EndProject
Project("{FAE04EC0-301F-11D3-BF4B-00C04F79EFBC}") = "ClientTcp", "ClientTcp\ClientTcp.csproj", "{3B2EDA0D-1BF3-4EF0-9D31-C53E7AB16CBA}"
EndProject
Global
	GlobalSection(SolutionConfigurationPlatforms) = preSolution
		Debug|Any CPU = Debug|Any CPU
		Release|Any CPU = Release|Any CPU
	EndGlobalSection
	GlobalSection(ProjectConfigurationPlatforms) = postSolution
		{217CB893-34D7-4217-AE4C-49BA8143BE1C}.Debug|Any CPU.ActiveCfg = Debug|Any CPU
		{217CB893-34D7-4217-AE4C-49BA8143BE1C}.Debug|Any CPU.Build.0 = Debug|Any CPU
		{217CB893-34D7-4217-AE4C-49BA8143BE1C}.Release|Any CPU.ActiveCfg = Release|Any CPU
		{217CB893-34D7-4217-AE4C-49BA8143BE1C}.Release|Any CPU.Build.0 = Release|Any CPU
		{3B2EDA0D-1BF3-4EF0-9D31-C53E7AB16CBA}.Debug|Any CPU.ActiveCfg = Debug|Any CPU
		{3B2EDA0D-1BF3-4EF0-9D31-C53E7AB16CBA}.Debug|Any CPU.Build.0 = Debug|Any CPU
		{3B2EDA0D-1BF3-4EF0-9D31-C53E7AB16CBA}.Release|Any CPU.ActiveCfg = Release|Any CPU
		{3B2EDA0D-1BF3-4EF0-9D31-C53E7AB16CBA}.Release|Any CPU.Build.0 = Release|Any CPU
	EndGlobalSection
	GlobalSection(SolutionProperties) = preSolution
		HideSolutionNode = FALSE
	EndGlobalSection
	GlobalSection(ExtensibilityGlobals) = postSolution
		SolutionGuid = {C09236B2-27DF-4992-BF18-30198F11B01B}
	EndGlobalSection
EndGlobal
